{
  "name": "@waxory/sheh",
  "version": "1.4.1",
  "lockfileVersion": 3,
  "requires": true,
  "packages": {
    "": {
      "name": "@waxory/sheh",
      "version": "1.4.1",
      "hasInstallScript": true,
      "license": "GPL-3.0",
      "bin": {
        "sheh": "src/index.js"
      }
    }
  }
}
